
Microsoft Visual Studio Solution File, Format Version 12.00
# Visual Studio 15
VisualStudioVersion = 15.0.27004.2009
MinimumVisualStudioVersion = 10.0.40219.1
Project("{FAE04EC0-301F-11D3-BF4B-00C04F79EFBC}") = "2.CreateAndUseTypes", "CreateAndUseTypes\2.CreateAndUseTypes.csproj", "{70D8022E-452C-4E38-BA8D-332E68607247}"
EndProject
Project("{FAE04EC0-301F-11D3-BF4B-00C04F79EFBC}") = "4.ImplementDataAccess", "ImplementDataAccess\4.ImplementDataAccess.csproj", "{69A35B95-C396-40D3-9EE3-386820A57049}"
EndProject
Project("{FAE04EC0-301F-11D3-BF4B-00C04F79EFBC}") = "TutorialsTeachersLinq", "TutorialsTeachersLinq\TutorialsTeachersLinq.csproj", "{8B75C320-8401-4ECC-B29A-BF494276738A}"
EndProject
Project("{FAE04EC0-301F-11D3-BF4B-00C04F79EFBC}") = "3.DebugAndSecurity", "DebugAndSecurity\3.DebugAndSecurity.csproj", "{B356A2A8-0E82-47F5-A671-ED9B223387FE}"
EndProject
Project("{FAE04EC0-301F-11D3-BF4B-00C04F79EFBC}") = "InterviewCodingTests", "InterviewCodingTests\InterviewCodingTests.csproj", "{F52A3E52-49A6-483B-A94F-4C9C2080C33B}"
EndProject
Project("{FAE04EC0-301F-11D3-BF4B-00C04F79EFBC}") = "UnitTestLib", "UnitTestLib\UnitTestLib.csproj", "{FE43C52B-E4DA-4F20-B46D-301DD265FB58}"
EndProject
Project("{9A19103F-16F7-4668-BE54-9A1E7A4F7556}") = "ProgrammingBlockchain", "ProgrammingBlockchain\ProgrammingBlockchain.csproj", "{E03AE8A2-4CA4-4FC0-8A0C-691446A1C3F5}"
EndProject
Project("{FAE04EC0-301F-11D3-BF4B-00C04F79EFBC}") = "CSharpVersions", "CSharpVersions\CSharpVersions.csproj", "{8ED05B0F-DC22-40F4-A04E-8E29AEEB6F13}"
EndProject
Project("{FAE04EC0-301F-11D3-BF4B-00C04F79EFBC}") = "DataStructuresAndAlgorithms", "DataStructuresAndAlgorithms\DataStructuresAndAlgorithms.csproj", "{D34EFF51-1FBF-4D1B-8976-A02A02C437F2}"
EndProject
Project("{FAE04EC0-301F-11D3-BF4B-00C04F79EFBC}") = "1.ManageProgramFlow", "ManageProgramFlow\1.ManageProgramFlow.csproj", "{20208E23-BFD2-4680-8302-D7E4BD41D9CA}"
EndProject
Project("{FAE04EC0-301F-11D3-BF4B-00C04F79EFBC}") = "DesignPatterns", "DesignPatterns\DesignPatterns.csproj", "{6CC8FBBE-4685-4B7A-B27E-C9DADBC93041}"
EndProject
Project("{9A19103F-16F7-4668-BE54-9A1E7A4F7556}") = "WebMvcMovie", "WebMvcMovie\WebMvcMovie.csproj", "{CAD1312F-6C80-4249-9D38-8CC8A80614C4}"
EndProject
Project("{9A19103F-16F7-4668-BE54-9A1E7A4F7556}") = "Debugging", "Debugging\Debugging.csproj", "{3FED3441-FE65-408B-A6C6-33D651BDB423}"
EndProject
Project("{9A19103F-16F7-4668-BE54-9A1E7A4F7556}") = "WebMvcMovieWithAuthentication", "WebMvcMovieWithAuthentication\WebMvcMovieWithAuthentication.csproj", "{39FAFFF8-4C50-4FAC-8DEB-8177C1255D73}"
EndProject
Project("{9A19103F-16F7-4668-BE54-9A1E7A4F7556}") = "WebAppIdentity1", "WebAppIdentity1\WebAppIdentity1.csproj", "{8048CA60-B112-43C2-8C74-9A94AF9548EB}"
EndProject
Project("{9A19103F-16F7-4668-BE54-9A1E7A4F7556}") = "CSharpKeywords", "CSharpKeywords\CSharpKeywords.csproj", "{5B09832B-3180-4E7F-9988-85EAF5902A4F}"
EndProject
Project("{9A19103F-16F7-4668-BE54-9A1E7A4F7556}") = "WebApi", "WebApi\WebApi.csproj", "{5BFC72FC-E9D3-4A1B-9985-30271C7AF2DE}"
EndProject
Project("{FAE04EC0-301F-11D3-BF4B-00C04F79EFBC}") = "WebApiClient", "WebApiClient\WebApiClient.csproj", "{48BF26A8-AF71-49F4-905B-7230056694B3}"
EndProject
Project("{9A19103F-16F7-4668-BE54-9A1E7A4F7556}") = "WebRazorPagesMovie", "RazorPagesMovie\WebRazorPagesMovie.csproj", "{C04B77B6-4AE5-4D2A-99D6-9D6337DB880D}"
EndProject
Project("{FAE04EC0-301F-11D3-BF4B-00C04F79EFBC}") = "WebAppAspNetCoreNg6", "WebAppAspNetCoreNg6\WebAppAspNetCoreNg6.csproj", "{9B81AB2B-A64C-44AF-90CB-FE9E70FA6400}"
EndProject
Global
	GlobalSection(SolutionConfigurationPlatforms) = preSolution
		Debug|Any CPU = Debug|Any CPU
		Release|Any CPU = Release|Any CPU
	EndGlobalSection
	GlobalSection(ProjectConfigurationPlatforms) = postSolution
		{70D8022E-452C-4E38-BA8D-332E68607247}.Debug|Any CPU.ActiveCfg = Debug|Any CPU
		{70D8022E-452C-4E38-BA8D-332E68607247}.Debug|Any CPU.Build.0 = Debug|Any CPU
		{70D8022E-452C-4E38-BA8D-332E68607247}.Release|Any CPU.ActiveCfg = Release|Any CPU
		{70D8022E-452C-4E38-BA8D-332E68607247}.Release|Any CPU.Build.0 = Release|Any CPU
		{69A35B95-C396-40D3-9EE3-386820A57049}.Debug|Any CPU.ActiveCfg = Debug|Any CPU
		{69A35B95-C396-40D3-9EE3-386820A57049}.Debug|Any CPU.Build.0 = Debug|Any CPU
		{69A35B95-C396-40D3-9EE3-386820A57049}.Release|Any CPU.ActiveCfg = Release|Any CPU
		{69A35B95-C396-40D3-9EE3-386820A57049}.Release|Any CPU.Build.0 = Release|Any CPU
		{8B75C320-8401-4ECC-B29A-BF494276738A}.Debug|Any CPU.ActiveCfg = Debug|Any CPU
		{8B75C320-8401-4ECC-B29A-BF494276738A}.Debug|Any CPU.Build.0 = Debug|Any CPU
		{8B75C320-8401-4ECC-B29A-BF494276738A}.Release|Any CPU.ActiveCfg = Release|Any CPU
		{8B75C320-8401-4ECC-B29A-BF494276738A}.Release|Any CPU.Build.0 = Release|Any CPU
		{B356A2A8-0E82-47F5-A671-ED9B223387FE}.Debug|Any CPU.ActiveCfg = Debug|Any CPU
		{B356A2A8-0E82-47F5-A671-ED9B223387FE}.Debug|Any CPU.Build.0 = Debug|Any CPU
		{B356A2A8-0E82-47F5-A671-ED9B223387FE}.Release|Any CPU.ActiveCfg = Release|Any CPU
		{B356A2A8-0E82-47F5-A671-ED9B223387FE}.Release|Any CPU.Build.0 = Release|Any CPU
		{F52A3E52-49A6-483B-A94F-4C9C2080C33B}.Debug|Any CPU.ActiveCfg = Debug|Any CPU
		{F52A3E52-49A6-483B-A94F-4C9C2080C33B}.Debug|Any CPU.Build.0 = Debug|Any CPU
		{F52A3E52-49A6-483B-A94F-4C9C2080C33B}.Release|Any CPU.ActiveCfg = Release|Any CPU
		{F52A3E52-49A6-483B-A94F-4C9C2080C33B}.Release|Any CPU.Build.0 = Release|Any CPU
		{FE43C52B-E4DA-4F20-B46D-301DD265FB58}.Debug|Any CPU.ActiveCfg = Debug|Any CPU
		{FE43C52B-E4DA-4F20-B46D-301DD265FB58}.Debug|Any CPU.Build.0 = Debug|Any CPU
		{FE43C52B-E4DA-4F20-B46D-301DD265FB58}.Release|Any CPU.ActiveCfg = Release|Any CPU
		{FE43C52B-E4DA-4F20-B46D-301DD265FB58}.Release|Any CPU.Build.0 = Release|Any CPU
		{E03AE8A2-4CA4-4FC0-8A0C-691446A1C3F5}.Debug|Any CPU.ActiveCfg = Debug|Any CPU
		{E03AE8A2-4CA4-4FC0-8A0C-691446A1C3F5}.Debug|Any CPU.Build.0 = Debug|Any CPU
		{E03AE8A2-4CA4-4FC0-8A0C-691446A1C3F5}.Release|Any CPU.ActiveCfg = Release|Any CPU
		{E03AE8A2-4CA4-4FC0-8A0C-691446A1C3F5}.Release|Any CPU.Build.0 = Release|Any CPU
		{8ED05B0F-DC22-40F4-A04E-8E29AEEB6F13}.Debug|Any CPU.ActiveCfg = Debug|Any CPU
		{8ED05B0F-DC22-40F4-A04E-8E29AEEB6F13}.Debug|Any CPU.Build.0 = Debug|Any CPU
		{8ED05B0F-DC22-40F4-A04E-8E29AEEB6F13}.Release|Any CPU.ActiveCfg = Release|Any CPU
		{8ED05B0F-DC22-40F4-A04E-8E29AEEB6F13}.Release|Any CPU.Build.0 = Release|Any CPU
		{D34EFF51-1FBF-4D1B-8976-A02A02C437F2}.Debug|Any CPU.ActiveCfg = Debug|Any CPU
		{D34EFF51-1FBF-4D1B-8976-A02A02C437F2}.Debug|Any CPU.Build.0 = Debug|Any CPU
		{D34EFF51-1FBF-4D1B-8976-A02A02C437F2}.Release|Any CPU.ActiveCfg = Release|Any CPU
		{D34EFF51-1FBF-4D1B-8976-A02A02C437F2}.Release|Any CPU.Build.0 = Release|Any CPU
		{20208E23-BFD2-4680-8302-D7E4BD41D9CA}.Debug|Any CPU.ActiveCfg = Debug|Any CPU
		{20208E23-BFD2-4680-8302-D7E4BD41D9CA}.Debug|Any CPU.Build.0 = Debug|Any CPU
		{20208E23-BFD2-4680-8302-D7E4BD41D9CA}.Release|Any CPU.ActiveCfg = Release|Any CPU
		{20208E23-BFD2-4680-8302-D7E4BD41D9CA}.Release|Any CPU.Build.0 = Release|Any CPU
		{6CC8FBBE-4685-4B7A-B27E-C9DADBC93041}.Debug|Any CPU.ActiveCfg = Debug|Any CPU
		{6CC8FBBE-4685-4B7A-B27E-C9DADBC93041}.Debug|Any CPU.Build.0 = Debug|Any CPU
		{6CC8FBBE-4685-4B7A-B27E-C9DADBC93041}.Release|Any CPU.ActiveCfg = Release|Any CPU
		{6CC8FBBE-4685-4B7A-B27E-C9DADBC93041}.Release|Any CPU.Build.0 = Release|Any CPU
		{CAD1312F-6C80-4249-9D38-8CC8A80614C4}.Debug|Any CPU.ActiveCfg = Debug|Any CPU
		{CAD1312F-6C80-4249-9D38-8CC8A80614C4}.Debug|Any CPU.Build.0 = Debug|Any CPU
		{CAD1312F-6C80-4249-9D38-8CC8A80614C4}.Release|Any CPU.ActiveCfg = Release|Any CPU
		{CAD1312F-6C80-4249-9D38-8CC8A80614C4}.Release|Any CPU.Build.0 = Release|Any CPU
		{3FED3441-FE65-408B-A6C6-33D651BDB423}.Debug|Any CPU.ActiveCfg = Debug|Any CPU
		{3FED3441-FE65-408B-A6C6-33D651BDB423}.Debug|Any CPU.Build.0 = Debug|Any CPU
		{3FED3441-FE65-408B-A6C6-33D651BDB423}.Release|Any CPU.ActiveCfg = Release|Any CPU
		{3FED3441-FE65-408B-A6C6-33D651BDB423}.Release|Any CPU.Build.0 = Release|Any CPU
		{39FAFFF8-4C50-4FAC-8DEB-8177C1255D73}.Debug|Any CPU.ActiveCfg = Debug|Any CPU
		{39FAFFF8-4C50-4FAC-8DEB-8177C1255D73}.Debug|Any CPU.Build.0 = Debug|Any CPU
		{39FAFFF8-4C50-4FAC-8DEB-8177C1255D73}.Release|Any CPU.ActiveCfg = Release|Any CPU
		{39FAFFF8-4C50-4FAC-8DEB-8177C1255D73}.Release|Any CPU.Build.0 = Release|Any CPU
		{8048CA60-B112-43C2-8C74-9A94AF9548EB}.Debug|Any CPU.ActiveCfg = Debug|Any CPU
		{8048CA60-B112-43C2-8C74-9A94AF9548EB}.Debug|Any CPU.Build.0 = Debug|Any CPU
		{8048CA60-B112-43C2-8C74-9A94AF9548EB}.Release|Any CPU.ActiveCfg = Release|Any CPU
		{8048CA60-B112-43C2-8C74-9A94AF9548EB}.Release|Any CPU.Build.0 = Release|Any CPU
		{5B09832B-3180-4E7F-9988-85EAF5902A4F}.Debug|Any CPU.ActiveCfg = Debug|Any CPU
		{5B09832B-3180-4E7F-9988-85EAF5902A4F}.Debug|Any CPU.Build.0 = Debug|Any CPU
		{5B09832B-3180-4E7F-9988-85EAF5902A4F}.Release|Any CPU.ActiveCfg = Release|Any CPU
		{5B09832B-3180-4E7F-9988-85EAF5902A4F}.Release|Any CPU.Build.0 = Release|Any CPU
		{5BFC72FC-E9D3-4A1B-9985-30271C7AF2DE}.Debug|Any CPU.ActiveCfg = Debug|Any CPU
		{5BFC72FC-E9D3-4A1B-9985-30271C7AF2DE}.Debug|Any CPU.Build.0 = Debug|Any CPU
		{5BFC72FC-E9D3-4A1B-9985-30271C7AF2DE}.Release|Any CPU.ActiveCfg = Release|Any CPU
		{5BFC72FC-E9D3-4A1B-9985-30271C7AF2DE}.Release|Any CPU.Build.0 = Release|Any CPU
		{48BF26A8-AF71-49F4-905B-7230056694B3}.Debug|Any CPU.ActiveCfg = Debug|Any CPU
		{48BF26A8-AF71-49F4-905B-7230056694B3}.Debug|Any CPU.Build.0 = Debug|Any CPU
		{48BF26A8-AF71-49F4-905B-7230056694B3}.Release|Any CPU.ActiveCfg = Release|Any CPU
		{48BF26A8-AF71-49F4-905B-7230056694B3}.Release|Any CPU.Build.0 = Release|Any CPU
		{C04B77B6-4AE5-4D2A-99D6-9D6337DB880D}.Debug|Any CPU.ActiveCfg = Debug|Any CPU
		{C04B77B6-4AE5-4D2A-99D6-9D6337DB880D}.Debug|Any CPU.Build.0 = Debug|Any CPU
		{C04B77B6-4AE5-4D2A-99D6-9D6337DB880D}.Release|Any CPU.ActiveCfg = Release|Any CPU
		{C04B77B6-4AE5-4D2A-99D6-9D6337DB880D}.Release|Any CPU.Build.0 = Release|Any CPU
		{9B81AB2B-A64C-44AF-90CB-FE9E70FA6400}.Debug|Any CPU.ActiveCfg = Debug|Any CPU
		{9B81AB2B-A64C-44AF-90CB-FE9E70FA6400}.Debug|Any CPU.Build.0 = Debug|Any CPU
		{9B81AB2B-A64C-44AF-90CB-FE9E70FA6400}.Release|Any CPU.ActiveCfg = Release|Any CPU
		{9B81AB2B-A64C-44AF-90CB-FE9E70FA6400}.Release|Any CPU.Build.0 = Release|Any CPU
	EndGlobalSection
	GlobalSection(SolutionProperties) = preSolution
		HideSolutionNode = FALSE
	EndGlobalSection
	GlobalSection(ExtensibilityGlobals) = postSolution
		SolutionGuid = {A498C4AF-B739-4B11-BDE3-66090BF12318}
	EndGlobalSection
EndGlobal
